
Microsoft Visual Studio Solution File, Format Version 12.00
# Visual Studio Version 17
VisualStudioVersion = 17.0.31903.59
MinimumVisualStudioVersion = 10.0.40219.1
Project("{2150E333-8FDC-42A3-9474-1A3956D46DE8}") = "BuildingBlocks", "BuildingBlocks", "{7266C4A9-E384-DC00-0EB6-47F6002CFBA7}"
EndProject
Project("{FAE04EC0-301F-11D3-BF4B-00C04F79EFBC}") = "FreshCart.BuildingBlocks", "BuildingBlocks\FreshCart.BuildingBlocks\FreshCart.BuildingBlocks.csproj", "{9F170B3B-5B05-4D86-A934-3C8D549FDFEC}"
EndProject
Project("{FAE04EC0-301F-11D3-BF4B-00C04F79EFBC}") = "FreshCart.BuildingBlocks.Messaging", "BuildingBlocks\FreshCart.BuildingBlocks.Messaging\FreshCart.BuildingBlocks.Messaging.csproj", "{0CEEB821-BCD2-4824-A70F-2244507C64B5}"
EndProject
Project("{FAE04EC0-301F-11D3-BF4B-00C04F79EFBC}") = "FreshCart.ServiceDefaults", "BuildingBlocks\FreshCart.ServiceDefaults\FreshCart.ServiceDefaults.csproj", "{54903686-5F84-40F6-A8AA-A08BD12E862E}"
EndProject
Project("{FAE04EC0-301F-11D3-BF4B-00C04F79EFBC}") = "FreshCart.BuildingBlocks.Tests", "BuildingBlocks\FreshCart.BuildingBlocks.Tests\FreshCart.BuildingBlocks.Tests.csproj", "{83ED14B5-99FE-4F6B-AA5D-BE3C68C8236F}"
EndProject
Project("{2150E333-8FDC-42A3-9474-1A3956D46DE8}") = "Services", "Services", "{5854FF58-B8C5-05C6-5BF2-ACE42193F22B}"
EndProject
Project("{2150E333-8FDC-42A3-9474-1A3956D46DE8}") = "Catalog", "Catalog", "{944ACC7E-4FFC-A2A2-09E1-98A62C66F8DB}"
EndProject
Project("{FAE04EC0-301F-11D3-BF4B-00C04F79EFBC}") = "FreshCart.Catalog.Api", "Services\Catalog\FreshCart.Catalog.Api\FreshCart.Catalog.Api.csproj", "{B83F2BB6-1218-441C-A787-6834B5CB3595}"
EndProject
Project("{FAE04EC0-301F-11D3-BF4B-00C04F79EFBC}") = "FreshCart.Catalog.Tests", "Services\Catalog\FreshCart.Catalog.Tests\FreshCart.Catalog.Tests.csproj", "{B339814C-986E-44EE-9371-FA26DD2D8B78}"
EndProject
Project("{2150E333-8FDC-42A3-9474-1A3956D46DE8}") = "Basket", "Basket", "{5991CCA7-7B8E-F5C0-A704-5C636E45E198}"
EndProject
Project("{FAE04EC0-301F-11D3-BF4B-00C04F79EFBC}") = "FreshCart.Basket.Api", "Services\Basket\FreshCart.Basket.Api\FreshCart.Basket.Api.csproj", "{3DF6DBAD-0552-42A1-8BD9-851708414C9B}"
EndProject
Project("{FAE04EC0-301F-11D3-BF4B-00C04F79EFBC}") = "FreshCart.Basket.Tests", "Services\Basket\FreshCart.Basket.Tests\FreshCart.Basket.Tests.csproj", "{06CC05BB-ABE0-485F-8BAF-81F505B66310}"
EndProject
Project("{2150E333-8FDC-42A3-9474-1A3956D46DE8}") = "Pricing", "Pricing", "{15532247-9928-1F3B-8159-296EC2E43F05}"
EndProject
Project("{FAE04EC0-301F-11D3-BF4B-00C04F79EFBC}") = "FreshCart.Pricing.Grpc", "Services\Pricing\FreshCart.Pricing.Grpc\FreshCart.Pricing.Grpc.csproj", "{BBF15EA6-BEA1-4FD2-BD0B-C8055CFAC700}"
EndProject
Project("{FAE04EC0-301F-11D3-BF4B-00C04F79EFBC}") = "FreshCart.Pricing.Tests", "Services\Pricing\FreshCart.Pricing.Tests\FreshCart.Pricing.Tests.csproj", "{E707C78D-D1AF-4985-8D87-74870BF7F9E6}"
EndProject
Project("{2150E333-8FDC-42A3-9474-1A3956D46DE8}") = "Ordering", "Ordering", "{3BAACA43-EC64-C367-9FAA-9C38067293A8}"
EndProject
Project("{FAE04EC0-301F-11D3-BF4B-00C04F79EFBC}") = "FreshCart.Ordering.Domain", "Services\Ordering\FreshCart.Ordering.Domain\FreshCart.Ordering.Domain.csproj", "{328CB738-1BE7-4198-B367-A6159C0ABB83}"
EndProject
Project("{FAE04EC0-301F-11D3-BF4B-00C04F79EFBC}") = "FreshCart.Ordering.Application", "Services\Ordering\FreshCart.Ordering.Application\FreshCart.Ordering.Application.csproj", "{12CEEB57-8463-4D68-9808-D27E18057929}"
EndProject
Project("{FAE04EC0-301F-11D3-BF4B-00C04F79EFBC}") = "FreshCart.Ordering.Infrastructure", "Services\Ordering\FreshCart.Ordering.Infrastructure\FreshCart.Ordering.Infrastructure.csproj", "{796F7F31-A54F-4583-8395-DFA864F353E6}"
EndProject
Project("{FAE04EC0-301F-11D3-BF4B-00C04F79EFBC}") = "FreshCart.Ordering.Api", "Services\Ordering\FreshCart.Ordering.Api\FreshCart.Ordering.Api.csproj", "{0DA8AE93-7ED4-4B74-ACB8-8CB57C4C5511}"
EndProject
Project("{FAE04EC0-301F-11D3-BF4B-00C04F79EFBC}") = "FreshCart.Ordering.Tests", "Services\Ordering\FreshCart.Ordering.Tests\FreshCart.Ordering.Tests.csproj", "{1BA65E75-9AF3-43BE-9CAB-2DE7E32398F6}"
EndProject
Project("{2150E333-8FDC-42A3-9474-1A3956D46DE8}") = "Inventory", "Inventory", "{E968773F-A3F0-8B5A-CFB8-BE121AA8E63F}"
EndProject
Project("{FAE04EC0-301F-11D3-BF4B-00C04F79EFBC}") = "FreshCart.Inventory.Api", "Services\Inventory\FreshCart.Inventory.Api\FreshCart.Inventory.Api.csproj", "{E9BF0E36-6CC2-4824-A4BF-098B93D3CB65}"
EndProject
Project("{FAE04EC0-301F-11D3-BF4B-00C04F79EFBC}") = "FreshCart.Inventory.Tests", "Services\Inventory\FreshCart.Inventory.Tests\FreshCart.Inventory.Tests.csproj", "{E76DC365-E1C1-4014-841B-258750B57262}"
EndProject
Project("{2150E333-8FDC-42A3-9474-1A3956D46DE8}") = "Payment", "Payment", "{714CC2AF-245C-D6B1-E117-A1157E62AF44}"
EndProject
Project("{FAE04EC0-301F-11D3-BF4B-00C04F79EFBC}") = "FreshCart.Payment.Domain", "Services\Payment\FreshCart.Payment.Domain\FreshCart.Payment.Domain.csproj", "{3459DFF7-5BB5-4BC5-92E1-FBF0EA6A4BE4}"
EndProject
Project("{FAE04EC0-301F-11D3-BF4B-00C04F79EFBC}") = "FreshCart.Payment.Application", "Services\Payment\FreshCart.Payment.Application\FreshCart.Payment.Application.csproj", "{1AFCEB5E-1BF4-4B36-8197-A8BF39C2E09A}"
EndProject
Project("{FAE04EC0-301F-11D3-BF4B-00C04F79EFBC}") = "FreshCart.Payment.Infrastructure", "Services\Payment\FreshCart.Payment.Infrastructure\FreshCart.Payment.Infrastructure.csproj", "{F8F0427A-F607-488A-8E79-D3D2AD85C146}"
EndProject
Project("{FAE04EC0-301F-11D3-BF4B-00C04F79EFBC}") = "FreshCart.Payment.Api", "Services\Payment\FreshCart.Payment.Api\FreshCart.Payment.Api.csproj", "{C6FAAC20-8612-4BDF-B11A-22F85ED73EC3}"
EndProject
Project("{FAE04EC0-301F-11D3-BF4B-00C04F79EFBC}") = "FreshCart.Payment.Tests", "Services\Payment\FreshCart.Payment.Tests\FreshCart.Payment.Tests.csproj", "{791B2EA5-1560-4E84-93BB-EA275F2E1155}"
EndProject
Project("{2150E333-8FDC-42A3-9474-1A3956D46DE8}") = "Delivery", "Delivery", "{269E2EEF-A70D-B8BE-4352-54CF8C86B016}"
EndProject
Project("{FAE04EC0-301F-11D3-BF4B-00C04F79EFBC}") = "FreshCart.Delivery.Domain", "Services\Delivery\FreshCart.Delivery.Domain\FreshCart.Delivery.Domain.csproj", "{122CF51B-A513-4E7E-9D30-84E919EE167F}"
EndProject
Project("{FAE04EC0-301F-11D3-BF4B-00C04F79EFBC}") = "FreshCart.Delivery.Application", "Services\Delivery\FreshCart.Delivery.Application\FreshCart.Delivery.Application.csproj", "{B60F00DA-1677-41A7-8456-FBCDBDEE1817}"
EndProject
Project("{FAE04EC0-301F-11D3-BF4B-00C04F79EFBC}") = "FreshCart.Delivery.Infrastructure", "Services\Delivery\FreshCart.Delivery.Infrastructure\FreshCart.Delivery.Infrastructure.csproj", "{86DD3DA4-129A-4A5A-8187-34424660E691}"
EndProject
Project("{FAE04EC0-301F-11D3-BF4B-00C04F79EFBC}") = "FreshCart.Delivery.Api", "Services\Delivery\FreshCart.Delivery.Api\FreshCart.Delivery.Api.csproj", "{3C11F6A1-1528-413A-A0E6-0D7B7351C0CD}"
EndProject
Project("{FAE04EC0-301F-11D3-BF4B-00C04F79EFBC}") = "FreshCart.Delivery.Tests", "Services\Delivery\FreshCart.Delivery.Tests\FreshCart.Delivery.Tests.csproj", "{A70C460B-6967-477A-9077-A73F2870481F}"
EndProject
Project("{2150E333-8FDC-42A3-9474-1A3956D46DE8}") = "Notification", "Notification", "{06470F13-D646-4954-ED4A-FA216054436A}"
EndProject
Project("{FAE04EC0-301F-11D3-BF4B-00C04F79EFBC}") = "FreshCart.Notification.Api", "Services\Notification\FreshCart.Notification.Api\FreshCart.Notification.Api.csproj", "{B98B889B-F3F1-4346-8B1C-78A367C6600D}"
EndProject
Project("{FAE04EC0-301F-11D3-BF4B-00C04F79EFBC}") = "FreshCart.Notification.Tests", "Services\Notification\FreshCart.Notification.Tests\FreshCart.Notification.Tests.csproj", "{7FA3FEE6-3275-465F-8BE8-CDB738878648}"
EndProject
Project("{2150E333-8FDC-42A3-9474-1A3956D46DE8}") = "Reporting", "Reporting", "{694370DE-EFDF-417D-2C0B-565E7EEF2A7A}"
EndProject
Project("{FAE04EC0-301F-11D3-BF4B-00C04F79EFBC}") = "FreshCart.Reporting.Domain", "Services\Reporting\FreshCart.Reporting.Domain\FreshCart.Reporting.Domain.csproj", "{AD869EE0-5C6B-44B5-89D9-B619F87D6AFE}"
EndProject
Project("{FAE04EC0-301F-11D3-BF4B-00C04F79EFBC}") = "FreshCart.Reporting.Application", "Services\Reporting\FreshCart.Reporting.Application\FreshCart.Reporting.Application.csproj", "{DEC62FF6-CD18-4C2D-8790-CCE1662D413F}"
EndProject
Project("{FAE04EC0-301F-11D3-BF4B-00C04F79EFBC}") = "FreshCart.Reporting.Infrastructure", "Services\Reporting\FreshCart.Reporting.Infrastructure\FreshCart.Reporting.Infrastructure.csproj", "{F2FE4CA5-98BD-4C36-9CD4-A6A813BBB446}"
EndProject
Project("{FAE04EC0-301F-11D3-BF4B-00C04F79EFBC}") = "FreshCart.Reporting.Api", "Services\Reporting\FreshCart.Reporting.Api\FreshCart.Reporting.Api.csproj", "{A7A75A88-7D7F-4396-B52A-FEC26838C0A3}"
EndProject
Project("{FAE04EC0-301F-11D3-BF4B-00C04F79EFBC}") = "FreshCart.Reporting.Tests", "Services\Reporting\FreshCart.Reporting.Tests\FreshCart.Reporting.Tests.csproj", "{892FB3F6-3F03-40A6-95A7-187B87B7CDD4}"
EndProject
Project("{2150E333-8FDC-42A3-9474-1A3956D46DE8}") = "CustomerSupport", "CustomerSupport", "{53CF22E1-D634-292D-B865-7697BBD039A5}"
EndProject
Project("{FAE04EC0-301F-11D3-BF4B-00C04F79EFBC}") = "FreshCart.CustomerSupport.Api", "Services\CustomerSupport\FreshCart.CustomerSupport.Api\FreshCart.CustomerSupport.Api.csproj", "{57479B43-078E-4597-A11C-96D269CC818C}"
EndProject
Project("{FAE04EC0-301F-11D3-BF4B-00C04F79EFBC}") = "FreshCart.CustomerSupport.Tests", "Services\CustomerSupport\FreshCart.CustomerSupport.Tests\FreshCart.CustomerSupport.Tests.csproj", "{E9BE660A-AE4A-47F4-8746-DCAEEC477C18}"
EndProject
Project("{2150E333-8FDC-42A3-9474-1A3956D46DE8}") = "Reviews", "Reviews", "{04255FE4-B460-CB70-BCA6-5677D9AC8182}"
EndProject
Project("{FAE04EC0-301F-11D3-BF4B-00C04F79EFBC}") = "FreshCart.Reviews.Api", "Services\Reviews\FreshCart.Reviews.Api\FreshCart.Reviews.Api.csproj", "{9C869689-4447-4985-A2C5-DE0B155A8F9C}"
EndProject
Project("{FAE04EC0-301F-11D3-BF4B-00C04F79EFBC}") = "FreshCart.Reviews.Tests", "Services\Reviews\FreshCart.Reviews.Tests\FreshCart.Reviews.Tests.csproj", "{66B9F6CD-C165-451D-B237-A0B2AA0A3350}"
EndProject
Project("{2150E333-8FDC-42A3-9474-1A3956D46DE8}") = "Identity", "Identity", "{357A7C97-5AE1-023F-1442-0D9F9AF22A31}"
EndProject
Project("{FAE04EC0-301F-11D3-BF4B-00C04F79EFBC}") = "FreshCart.Identity.Domain", "Services\Identity\FreshCart.Identity.Domain\FreshCart.Identity.Domain.csproj", "{C9DA5537-2F3B-4686-8471-9B3FAA566E14}"
EndProject
Project("{FAE04EC0-301F-11D3-BF4B-00C04F79EFBC}") = "FreshCart.Identity.Application", "Services\Identity\FreshCart.Identity.Application\FreshCart.Identity.Application.csproj", "{6EFAD445-6E63-4C74-BB2B-4336646AE7D2}"
EndProject
Project("{FAE04EC0-301F-11D3-BF4B-00C04F79EFBC}") = "FreshCart.Identity.Infrastructure", "Services\Identity\FreshCart.Identity.Infrastructure\FreshCart.Identity.Infrastructure.csproj", "{4A34C247-A918-4A23-9F8A-9F4EE983EB2D}"
EndProject
Project("{FAE04EC0-301F-11D3-BF4B-00C04F79EFBC}") = "FreshCart.Identity.Api", "Services\Identity\FreshCart.Identity.Api\FreshCart.Identity.Api.csproj", "{D0544A97-2C2E-45A5-876F-FBD6242799B2}"
EndProject
Project("{FAE04EC0-301F-11D3-BF4B-00C04F79EFBC}") = "FreshCart.Identity.Tests", "Services\Identity\FreshCart.Identity.Tests\FreshCart.Identity.Tests.csproj", "{D53198F7-0BAC-4F6F-B233-AE8B806F75DB}"
EndProject
Project("{2150E333-8FDC-42A3-9474-1A3956D46DE8}") = "ApiGateways", "ApiGateways", "{8450CF56-5DC7-366A-AE0A-4A8614F474CF}"
EndProject
Project("{FAE04EC0-301F-11D3-BF4B-00C04F79EFBC}") = "FreshCart.Gateway.Yarp", "ApiGateways\FreshCart.Gateway.Yarp\FreshCart.Gateway.Yarp.csproj", "{BAD01FC7-1CF6-47CE-B7F7-6695247C4794}"
EndProject
Project("{FAE04EC0-301F-11D3-BF4B-00C04F79EFBC}") = "FreshCart.Gateway.Tests", "ApiGateways\FreshCart.Gateway.Tests\FreshCart.Gateway.Tests.csproj", "{D60F541E-9A21-489B-B79F-892EED084863}"
EndProject
Project("{2150E333-8FDC-42A3-9474-1A3956D46DE8}") = "AspireAppHost", "AspireAppHost", "{356E9537-A171-FD24-9C46-11801F93409A}"
EndProject
Project("{FAE04EC0-301F-11D3-BF4B-00C04F79EFBC}") = "FreshCart.AppHost", "AspireAppHost\FreshCart.AppHost\FreshCart.AppHost.csproj", "{BE74EC17-1B8C-42FF-AF48-107E3FA62419}"
EndProject
Global
	GlobalSection(SolutionConfigurationPlatforms) = preSolution
		Debug|Any CPU = Debug|Any CPU
		Debug|x64 = Debug|x64
		Debug|x86 = Debug|x86
		Release|Any CPU = Release|Any CPU
		Release|x64 = Release|x64
		Release|x86 = Release|x86
	EndGlobalSection
	GlobalSection(ProjectConfigurationPlatforms) = postSolution
		{9F170B3B-5B05-4D86-A934-3C8D549FDFEC}.Debug|Any CPU.ActiveCfg = Debug|Any CPU
		{9F170B3B-5B05-4D86-A934-3C8D549FDFEC}.Debug|Any CPU.Build.0 = Debug|Any CPU
		{9F170B3B-5B05-4D86-A934-3C8D549FDFEC}.Debug|x64.ActiveCfg = Debug|Any CPU
		{9F170B3B-5B05-4D86-A934-3C8D549FDFEC}.Debug|x64.Build.0 = Debug|Any CPU
		{9F170B3B-5B05-4D86-A934-3C8D549FDFEC}.Debug|x86.ActiveCfg = Debug|Any CPU
		{9F170B3B-5B05-4D86-A934-3C8D549FDFEC}.Debug|x86.Build.0 = Debug|Any CPU
		{9F170B3B-5B05-4D86-A934-3C8D549FDFEC}.Release|Any CPU.ActiveCfg = Release|Any CPU
		{9F170B3B-5B05-4D86-A934-3C8D549FDFEC}.Release|Any CPU.Build.0 = Release|Any CPU
		{9F170B3B-5B05-4D86-A934-3C8D549FDFEC}.Release|x64.ActiveCfg = Release|Any CPU
		{9F170B3B-5B05-4D86-A934-3C8D549FDFEC}.Release|x64.Build.0 = Release|Any CPU
		{9F170B3B-5B05-4D86-A934-3C8D549FDFEC}.Release|x86.ActiveCfg = Release|Any CPU
		{9F170B3B-5B05-4D86-A934-3C8D549FDFEC}.Release|x86.Build.0 = Release|Any CPU
		{0CEEB821-BCD2-4824-A70F-2244507C64B5}.Debug|Any CPU.ActiveCfg = Debug|Any CPU
		{0CEEB821-BCD2-4824-A70F-2244507C64B5}.Debug|Any CPU.Build.0 = Debug|Any CPU
		{0CEEB821-BCD2-4824-A70F-2244507C64B5}.Debug|x64.ActiveCfg = Debug|Any CPU
		{0CEEB821-BCD2-4824-A70F-2244507C64B5}.Debug|x64.Build.0 = Debug|Any CPU
		{0CEEB821-BCD2-4824-A70F-2244507C64B5}.Debug|x86.ActiveCfg = Debug|Any CPU
		{0CEEB821-BCD2-4824-A70F-2244507C64B5}.Debug|x86.Build.0 = Debug|Any CPU
		{0CEEB821-BCD2-4824-A70F-2244507C64B5}.Release|Any CPU.ActiveCfg = Release|Any CPU
		{0CEEB821-BCD2-4824-A70F-2244507C64B5}.Release|Any CPU.Build.0 = Release|Any CPU
		{0CEEB821-BCD2-4824-A70F-2244507C64B5}.Release|x64.ActiveCfg = Release|Any CPU
		{0CEEB821-BCD2-4824-A70F-2244507C64B5}.Release|x64.Build.0 = Release|Any CPU
		{0CEEB821-BCD2-4824-A70F-2244507C64B5}.Release|x86.ActiveCfg = Release|Any CPU
		{0CEEB821-BCD2-4824-A70F-2244507C64B5}.Release|x86.Build.0 = Release|Any CPU
		{54903686-5F84-40F6-A8AA-A08BD12E862E}.Debug|Any CPU.ActiveCfg = Debug|Any CPU
		{54903686-5F84-40F6-A8AA-A08BD12E862E}.Debug|Any CPU.Build.0 = Debug|Any CPU
		{54903686-5F84-40F6-A8AA-A08BD12E862E}.Debug|x64.ActiveCfg = Debug|Any CPU
		{54903686-5F84-40F6-A8AA-A08BD12E862E}.Debug|x64.Build.0 = Debug|Any CPU
		{54903686-5F84-40F6-A8AA-A08BD12E862E}.Debug|x86.ActiveCfg = Debug|Any CPU
		{54903686-5F84-40F6-A8AA-A08BD12E862E}.Debug|x86.Build.0 = Debug|Any CPU
		{54903686-5F84-40F6-A8AA-A08BD12E862E}.Release|Any CPU.ActiveCfg = Release|Any CPU
		{54903686-5F84-40F6-A8AA-A08BD12E862E}.Release|Any CPU.Build.0 = Release|Any CPU
		{54903686-5F84-40F6-A8AA-A08BD12E862E}.Release|x64.ActiveCfg = Release|Any CPU
		{54903686-5F84-40F6-A8AA-A08BD12E862E}.Release|x64.Build.0 = Release|Any CPU
		{54903686-5F84-40F6-A8AA-A08BD12E862E}.Release|x86.ActiveCfg = Release|Any CPU
		{54903686-5F84-40F6-A8AA-A08BD12E862E}.Release|x86.Build.0 = Release|Any CPU
		{83ED14B5-99FE-4F6B-AA5D-BE3C68C8236F}.Debug|Any CPU.ActiveCfg = Debug|Any CPU
		{83ED14B5-99FE-4F6B-AA5D-BE3C68C8236F}.Debug|Any CPU.Build.0 = Debug|Any CPU
		{83ED14B5-99FE-4F6B-AA5D-BE3C68C8236F}.Debug|x64.ActiveCfg = Debug|Any CPU
		{83ED14B5-99FE-4F6B-AA5D-BE3C68C8236F}.Debug|x64.Build.0 = Debug|Any CPU
		{83ED14B5-99FE-4F6B-AA5D-BE3C68C8236F}.Debug|x86.ActiveCfg = Debug|Any CPU
		{83ED14B5-99FE-4F6B-AA5D-BE3C68C8236F}.Debug|x86.Build.0 = Debug|Any CPU
		{83ED14B5-99FE-4F6B-AA5D-BE3C68C8236F}.Release|Any CPU.ActiveCfg = Release|Any CPU
		{83ED14B5-99FE-4F6B-AA5D-BE3C68C8236F}.Release|Any CPU.Build.0 = Release|Any CPU
		{83ED14B5-99FE-4F6B-AA5D-BE3C68C8236F}.Release|x64.ActiveCfg = Release|Any CPU
		{83ED14B5-99FE-4F6B-AA5D-BE3C68C8236F}.Release|x64.Build.0 = Release|Any CPU
		{83ED14B5-99FE-4F6B-AA5D-BE3C68C8236F}.Release|x86.ActiveCfg = Release|Any CPU
		{83ED14B5-99FE-4F6B-AA5D-BE3C68C8236F}.Release|x86.Build.0 = Release|Any CPU
		{B83F2BB6-1218-441C-A787-6834B5CB3595}.Debug|Any CPU.ActiveCfg = Debug|Any CPU
		{B83F2BB6-1218-441C-A787-6834B5CB3595}.Debug|Any CPU.Build.0 = Debug|Any CPU
		{B83F2BB6-1218-441C-A787-6834B5CB3595}.Debug|x64.ActiveCfg = Debug|Any CPU
		{B83F2BB6-1218-441C-A787-6834B5CB3595}.Debug|x64.Build.0 = Debug|Any CPU
		{B83F2BB6-1218-441C-A787-6834B5CB3595}.Debug|x86.ActiveCfg = Debug|Any CPU
		{B83F2BB6-1218-441C-A787-6834B5CB3595}.Debug|x86.Build.0 = Debug|Any CPU
		{B83F2BB6-1218-441C-A787-6834B5CB3595}.Release|Any CPU.ActiveCfg = Release|Any CPU
		{B83F2BB6-1218-441C-A787-6834B5CB3595}.Release|Any CPU.Build.0 = Release|Any CPU
		{B83F2BB6-1218-441C-A787-6834B5CB3595}.Release|x64.ActiveCfg = Release|Any CPU
		{B83F2BB6-1218-441C-A787-6834B5CB3595}.Release|x64.Build.0 = Release|Any CPU
		{B83F2BB6-1218-441C-A787-6834B5CB3595}.Release|x86.ActiveCfg = Release|Any CPU
		{B83F2BB6-1218-441C-A787-6834B5CB3595}.Release|x86.Build.0 = Release|Any CPU
		{B339814C-986E-44EE-9371-FA26DD2D8B78}.Debug|Any CPU.ActiveCfg = Debug|Any CPU
		{B339814C-986E-44EE-9371-FA26DD2D8B78}.Debug|Any CPU.Build.0 = Debug|Any CPU
		{B339814C-986E-44EE-9371-FA26DD2D8B78}.Debug|x64.ActiveCfg = Debug|Any CPU
		{B339814C-986E-44EE-9371-FA26DD2D8B78}.Debug|x64.Build.0 = Debug|Any CPU
		{B339814C-986E-44EE-9371-FA26DD2D8B78}.Debug|x86.ActiveCfg = Debug|Any CPU
		{B339814C-986E-44EE-9371-FA26DD2D8B78}.Debug|x86.Build.0 = Debug|Any CPU
		{B339814C-986E-44EE-9371-FA26DD2D8B78}.Release|Any CPU.ActiveCfg = Release|Any CPU
		{B339814C-986E-44EE-9371-FA26DD2D8B78}.Release|Any CPU.Build.0 = Release|Any CPU
		{B339814C-986E-44EE-9371-FA26DD2D8B78}.Release|x64.ActiveCfg = Release|Any CPU
		{B339814C-986E-44EE-9371-FA26DD2D8B78}.Release|x64.Build.0 = Release|Any CPU
		{B339814C-986E-44EE-9371-FA26DD2D8B78}.Release|x86.ActiveCfg = Release|Any CPU
		{B339814C-986E-44EE-9371-FA26DD2D8B78}.Release|x86.Build.0 = Release|Any CPU
		{3DF6DBAD-0552-42A1-8BD9-851708414C9B}.Debug|Any CPU.ActiveCfg = Debug|Any CPU
		{3DF6DBAD-0552-42A1-8BD9-851708414C9B}.Debug|Any CPU.Build.0 = Debug|Any CPU
		{3DF6DBAD-0552-42A1-8BD9-851708414C9B}.Debug|x64.ActiveCfg = Debug|Any CPU
		{3DF6DBAD-0552-42A1-8BD9-851708414C9B}.Debug|x64.Build.0 = Debug|Any CPU
		{3DF6DBAD-0552-42A1-8BD9-851708414C9B}.Debug|x86.ActiveCfg = Debug|Any CPU
		{3DF6DBAD-0552-42A1-8BD9-851708414C9B}.Debug|x86.Build.0 = Debug|Any CPU
		{3DF6DBAD-0552-42A1-8BD9-851708414C9B}.Release|Any CPU.ActiveCfg = Release|Any CPU
		{3DF6DBAD-0552-42A1-8BD9-851708414C9B}.Release|Any CPU.Build.0 = Release|Any CPU
		{3DF6DBAD-0552-42A1-8BD9-851708414C9B}.Release|x64.ActiveCfg = Release|Any CPU
		{3DF6DBAD-0552-42A1-8BD9-851708414C9B}.Release|x64.Build.0 = Release|Any CPU
		{3DF6DBAD-0552-42A1-8BD9-851708414C9B}.Release|x86.ActiveCfg = Release|Any CPU
		{3DF6DBAD-0552-42A1-8BD9-851708414C9B}.Release|x86.Build.0 = Release|Any CPU
		{06CC05BB-ABE0-485F-8BAF-81F505B66310}.Debug|Any CPU.ActiveCfg = Debug|Any CPU
		{06CC05BB-ABE0-485F-8BAF-81F505B66310}.Debug|Any CPU.Build.0 = Debug|Any CPU
		{06CC05BB-ABE0-485F-8BAF-81F505B66310}.Debug|x64.ActiveCfg = Debug|Any CPU
		{06CC05BB-ABE0-485F-8BAF-81F505B66310}.Debug|x64.Build.0 = Debug|Any CPU
		{06CC05BB-ABE0-485F-8BAF-81F505B66310}.Debug|x86.ActiveCfg = Debug|Any CPU
		{06CC05BB-ABE0-485F-8BAF-81F505B66310}.Debug|x86.Build.0 = Debug|Any CPU
		{06CC05BB-ABE0-485F-8BAF-81F505B66310}.Release|Any CPU.ActiveCfg = Release|Any CPU
		{06CC05BB-ABE0-485F-8BAF-81F505B66310}.Release|Any CPU.Build.0 = Release|Any CPU
		{06CC05BB-ABE0-485F-8BAF-81F505B66310}.Release|x64.ActiveCfg = Release|Any CPU
		{06CC05BB-ABE0-485F-8BAF-81F505B66310}.Release|x64.Build.0 = Release|Any CPU
		{06CC05BB-ABE0-485F-8BAF-81F505B66310}.Release|x86.ActiveCfg = Release|Any CPU
		{06CC05BB-ABE0-485F-8BAF-81F505B66310}.Release|x86.Build.0 = Release|Any CPU
		{BBF15EA6-BEA1-4FD2-BD0B-C8055CFAC700}.Debug|Any CPU.ActiveCfg = Debug|Any CPU
		{BBF15EA6-BEA1-4FD2-BD0B-C8055CFAC700}.Debug|Any CPU.Build.0 = Debug|Any CPU
		{BBF15EA6-BEA1-4FD2-BD0B-C8055CFAC700}.Debug|x64.ActiveCfg = Debug|Any CPU
		{BBF15EA6-BEA1-4FD2-BD0B-C8055CFAC700}.Debug|x64.Build.0 = Debug|Any CPU
		{BBF15EA6-BEA1-4FD2-BD0B-C8055CFAC700}.Debug|x86.ActiveCfg = Debug|Any CPU
		{BBF15EA6-BEA1-4FD2-BD0B-C8055CFAC700}.Debug|x86.Build.0 = Debug|Any CPU
		{BBF15EA6-BEA1-4FD2-BD0B-C8055CFAC700}.Release|Any CPU.ActiveCfg = Release|Any CPU
		{BBF15EA6-BEA1-4FD2-BD0B-C8055CFAC700}.Release|Any CPU.Build.0 = Release|Any CPU
		{BBF15EA6-BEA1-4FD2-BD0B-C8055CFAC700}.Release|x64.ActiveCfg = Release|Any CPU
		{BBF15EA6-BEA1-4FD2-BD0B-C8055CFAC700}.Release|x64.Build.0 = Release|Any CPU
		{BBF15EA6-BEA1-4FD2-BD0B-C8055CFAC700}.Release|x86.ActiveCfg = Release|Any CPU
		{BBF15EA6-BEA1-4FD2-BD0B-C8055CFAC700}.Release|x86.Build.0 = Release|Any CPU
		{E707C78D-D1AF-4985-8D87-74870BF7F9E6}.Debug|Any CPU.ActiveCfg = Debug|Any CPU
		{E707C78D-D1AF-4985-8D87-74870BF7F9E6}.Debug|Any CPU.Build.0 = Debug|Any CPU
		{E707C78D-D1AF-4985-8D87-74870BF7F9E6}.Debug|x64.ActiveCfg = Debug|Any CPU
		{E707C78D-D1AF-4985-8D87-74870BF7F9E6}.Debug|x64.Build.0 = Debug|Any CPU
		{E707C78D-D1AF-4985-8D87-74870BF7F9E6}.Debug|x86.ActiveCfg = Debug|Any CPU
		{E707C78D-D1AF-4985-8D87-74870BF7F9E6}.Debug|x86.Build.0 = Debug|Any CPU
		{E707C78D-D1AF-4985-8D87-74870BF7F9E6}.Release|Any CPU.ActiveCfg = Release|Any CPU
		{E707C78D-D1AF-4985-8D87-74870BF7F9E6}.Release|Any CPU.Build.0 = Release|Any CPU
		{E707C78D-D1AF-4985-8D87-74870BF7F9E6}.Release|x64.ActiveCfg = Release|Any CPU
		{E707C78D-D1AF-4985-8D87-74870BF7F9E6}.Release|x64.Build.0 = Release|Any CPU
		{E707C78D-D1AF-4985-8D87-74870BF7F9E6}.Release|x86.ActiveCfg = Release|Any CPU
		{E707C78D-D1AF-4985-8D87-74870BF7F9E6}.Release|x86.Build.0 = Release|Any CPU
		{328CB738-1BE7-4198-B367-A6159C0ABB83}.Debug|Any CPU.ActiveCfg = Debug|Any CPU
		{328CB738-1BE7-4198-B367-A6159C0ABB83}.Debug|Any CPU.Build.0 = Debug|Any CPU
		{328CB738-1BE7-4198-B367-A6159C0ABB83}.Debug|x64.ActiveCfg = Debug|Any CPU
		{328CB738-1BE7-4198-B367-A6159C0ABB83}.Debug|x64.Build.0 = Debug|Any CPU
		{328CB738-1BE7-4198-B367-A6159C0ABB83}.Debug|x86.ActiveCfg = Debug|Any CPU
		{328CB738-1BE7-4198-B367-A6159C0ABB83}.Debug|x86.Build.0 = Debug|Any CPU
		{328CB738-1BE7-4198-B367-A6159C0ABB83}.Release|Any CPU.ActiveCfg = Release|Any CPU
		{328CB738-1BE7-4198-B367-A6159C0ABB83}.Release|Any CPU.Build.0 = Release|Any CPU
		{328CB738-1BE7-4198-B367-A6159C0ABB83}.Release|x64.ActiveCfg = Release|Any CPU
		{328CB738-1BE7-4198-B367-A6159C0ABB83}.Release|x64.Build.0 = Release|Any CPU
		{328CB738-1BE7-4198-B367-A6159C0ABB83}.Release|x86.ActiveCfg = Release|Any CPU
		{328CB738-1BE7-4198-B367-A6159C0ABB83}.Release|x86.Build.0 = Release|Any CPU
		{12CEEB57-8463-4D68-9808-D27E18057929}.Debug|Any CPU.ActiveCfg = Debug|Any CPU
		{12CEEB57-8463-4D68-9808-D27E18057929}.Debug|Any CPU.Build.0 = Debug|Any CPU
		{12CEEB57-8463-4D68-9808-D27E18057929}.Debug|x64.ActiveCfg = Debug|Any CPU
		{12CEEB57-8463-4D68-9808-D27E18057929}.Debug|x64.Build.0 = Debug|Any CPU
		{12CEEB57-8463-4D68-9808-D27E18057929}.Debug|x86.ActiveCfg = Debug|Any CPU
		{12CEEB57-8463-4D68-9808-D27E18057929}.Debug|x86.Build.0 = Debug|Any CPU
		{12CEEB57-8463-4D68-9808-D27E18057929}.Release|Any CPU.ActiveCfg = Release|Any CPU
		{12CEEB57-8463-4D68-9808-D27E18057929}.Release|Any CPU.Build.0 = Release|Any CPU
		{12CEEB57-8463-4D68-9808-D27E18057929}.Release|x64.ActiveCfg = Release|Any CPU
		{12CEEB57-8463-4D68-9808-D27E18057929}.Release|x64.Build.0 = Release|Any CPU
		{12CEEB57-8463-4D68-9808-D27E18057929}.Release|x86.ActiveCfg = Release|Any CPU
		{12CEEB57-8463-4D68-9808-D27E18057929}.Release|x86.Build.0 = Release|Any CPU
		{796F7F31-A54F-4583-8395-DFA864F353E6}.Debug|Any CPU.ActiveCfg = Debug|Any CPU
		{796F7F31-A54F-4583-8395-DFA864F353E6}.Debug|Any CPU.Build.0 = Debug|Any CPU
		{796F7F31-A54F-4583-8395-DFA864F353E6}.Debug|x64.ActiveCfg = Debug|Any CPU
		{796F7F31-A54F-4583-8395-DFA864F353E6}.Debug|x64.Build.0 = Debug|Any CPU
		{796F7F31-A54F-4583-8395-DFA864F353E6}.Debug|x86.ActiveCfg = Debug|Any CPU
		{796F7F31-A54F-4583-8395-DFA864F353E6}.Debug|x86.Build.0 = Debug|Any CPU
		{796F7F31-A54F-4583-8395-DFA864F353E6}.Release|Any CPU.ActiveCfg = Release|Any CPU
		{796F7F31-A54F-4583-8395-DFA864F353E6}.Release|Any CPU.Build.0 = Release|Any CPU
		{796F7F31-A54F-4583-8395-DFA864F353E6}.Release|x64.ActiveCfg = Release|Any CPU
		{796F7F31-A54F-4583-8395-DFA864F353E6}.Release|x64.Build.0 = Release|Any CPU
		{796F7F31-A54F-4583-8395-DFA864F353E6}.Release|x86.ActiveCfg = Release|Any CPU
		{796F7F31-A54F-4583-8395-DFA864F353E6}.Release|x86.Build.0 = Release|Any CPU
		{0DA8AE93-7ED4-4B74-ACB8-8CB57C4C5511}.Debug|Any CPU.ActiveCfg = Debug|Any CPU
		{0DA8AE93-7ED4-4B74-ACB8-8CB57C4C5511}.Debug|Any CPU.Build.0 = Debug|Any CPU
		{0DA8AE93-7ED4-4B74-ACB8-8CB57C4C5511}.Debug|x64.ActiveCfg = Debug|Any CPU
		{0DA8AE93-7ED4-4B74-ACB8-8CB57C4C5511}.Debug|x64.Build.0 = Debug|Any CPU
		{0DA8AE93-7ED4-4B74-ACB8-8CB57C4C5511}.Debug|x86.ActiveCfg = Debug|Any CPU
		{0DA8AE93-7ED4-4B74-ACB8-8CB57C4C5511}.Debug|x86.Build.0 = Debug|Any CPU
		{0DA8AE93-7ED4-4B74-ACB8-8CB57C4C5511}.Release|Any CPU.ActiveCfg = Release|Any CPU
		{0DA8AE93-7ED4-4B74-ACB8-8CB57C4C5511}.Release|Any CPU.Build.0 = Release|Any CPU
		{0DA8AE93-7ED4-4B74-ACB8-8CB57C4C5511}.Release|x64.ActiveCfg = Release|Any CPU
		{0DA8AE93-7ED4-4B74-ACB8-8CB57C4C5511}.Release|x64.Build.0 = Release|Any CPU
		{0DA8AE93-7ED4-4B74-ACB8-8CB57C4C5511}.Release|x86.ActiveCfg = Release|Any CPU
		{0DA8AE93-7ED4-4B74-ACB8-8CB57C4C5511}.Release|x86.Build.0 = Release|Any CPU
		{1BA65E75-9AF3-43BE-9CAB-2DE7E32398F6}.Debug|Any CPU.ActiveCfg = Debug|Any CPU
		{1BA65E75-9AF3-43BE-9CAB-2DE7E32398F6}.Debug|Any CPU.Build.0 = Debug|Any CPU
		{1BA65E75-9AF3-43BE-9CAB-2DE7E32398F6}.Debug|x64.ActiveCfg = Debug|Any CPU
		{1BA65E75-9AF3-43BE-9CAB-2DE7E32398F6}.Debug|x64.Build.0 = Debug|Any CPU
		{1BA65E75-9AF3-43BE-9CAB-2DE7E32398F6}.Debug|x86.ActiveCfg = Debug|Any CPU
		{1BA65E75-9AF3-43BE-9CAB-2DE7E32398F6}.Debug|x86.Build.0 = Debug|Any CPU
		{1BA65E75-9AF3-43BE-9CAB-2DE7E32398F6}.Release|Any CPU.ActiveCfg = Release|Any CPU
		{1BA65E75-9AF3-43BE-9CAB-2DE7E32398F6}.Release|Any CPU.Build.0 = Release|Any CPU
		{1BA65E75-9AF3-43BE-9CAB-2DE7E32398F6}.Release|x64.ActiveCfg = Release|Any CPU
		{1BA65E75-9AF3-43BE-9CAB-2DE7E32398F6}.Release|x64.Build.0 = Release|Any CPU
		{1BA65E75-9AF3-43BE-9CAB-2DE7E32398F6}.Release|x86.ActiveCfg = Release|Any CPU
		{1BA65E75-9AF3-43BE-9CAB-2DE7E32398F6}.Release|x86.Build.0 = Release|Any CPU
		{E9BF0E36-6CC2-4824-A4BF-098B93D3CB65}.Debug|Any CPU.ActiveCfg = Debug|Any CPU
		{E9BF0E36-6CC2-4824-A4BF-098B93D3CB65}.Debug|Any CPU.Build.0 = Debug|Any CPU
		{E9BF0E36-6CC2-4824-A4BF-098B93D3CB65}.Debug|x64.ActiveCfg = Debug|Any CPU
		{E9BF0E36-6CC2-4824-A4BF-098B93D3CB65}.Debug|x64.Build.0 = Debug|Any CPU
		{E9BF0E36-6CC2-4824-A4BF-098B93D3CB65}.Debug|x86.ActiveCfg = Debug|Any CPU
		{E9BF0E36-6CC2-4824-A4BF-098B93D3CB65}.Debug|x86.Build.0 = Debug|Any CPU
		{E9BF0E36-6CC2-4824-A4BF-098B93D3CB65}.Release|Any CPU.ActiveCfg = Release|Any CPU
		{E9BF0E36-6CC2-4824-A4BF-098B93D3CB65}.Release|Any CPU.Build.0 = Release|Any CPU
		{E9BF0E36-6CC2-4824-A4BF-098B93D3CB65}.Release|x64.ActiveCfg = Release|Any CPU
		{E9BF0E36-6CC2-4824-A4BF-098B93D3CB65}.Release|x64.Build.0 = Release|Any CPU
		{E9BF0E36-6CC2-4824-A4BF-098B93D3CB65}.Release|x86.ActiveCfg = Release|Any CPU
		{E9BF0E36-6CC2-4824-A4BF-098B93D3CB65}.Release|x86.Build.0 = Release|Any CPU
		{E76DC365-E1C1-4014-841B-258750B57262}.Debug|Any CPU.ActiveCfg = Debug|Any CPU
		{E76DC365-E1C1-4014-841B-258750B57262}.Debug|Any CPU.Build.0 = Debug|Any CPU
		{E76DC365-E1C1-4014-841B-258750B57262}.Debug|x64.ActiveCfg = Debug|Any CPU
		{E76DC365-E1C1-4014-841B-258750B57262}.Debug|x64.Build.0 = Debug|Any CPU
		{E76DC365-E1C1-4014-841B-258750B57262}.Debug|x86.ActiveCfg = Debug|Any CPU
		{E76DC365-E1C1-4014-841B-258750B57262}.Debug|x86.Build.0 = Debug|Any CPU
		{E76DC365-E1C1-4014-841B-258750B57262}.Release|Any CPU.ActiveCfg = Release|Any CPU
		{E76DC365-E1C1-4014-841B-258750B57262}.Release|Any CPU.Build.0 = Release|Any CPU
		{E76DC365-E1C1-4014-841B-258750B57262}.Release|x64.ActiveCfg = Release|Any CPU
		{E76DC365-E1C1-4014-841B-258750B57262}.Release|x64.Build.0 = Release|Any CPU
		{E76DC365-E1C1-4014-841B-258750B57262}.Release|x86.ActiveCfg = Release|Any CPU
		{E76DC365-E1C1-4014-841B-258750B57262}.Release|x86.Build.0 = Release|Any CPU
		{3459DFF7-5BB5-4BC5-92E1-FBF0EA6A4BE4}.Debug|Any CPU.ActiveCfg = Debug|Any CPU
		{3459DFF7-5BB5-4BC5-92E1-FBF0EA6A4BE4}.Debug|Any CPU.Build.0 = Debug|Any CPU
		{3459DFF7-5BB5-4BC5-92E1-FBF0EA6A4BE4}.Debug|x64.ActiveCfg = Debug|Any CPU
		{3459DFF7-5BB5-4BC5-92E1-FBF0EA6A4BE4}.Debug|x64.Build.0 = Debug|Any CPU
		{3459DFF7-5BB5-4BC5-92E1-FBF0EA6A4BE4}.Debug|x86.ActiveCfg = Debug|Any CPU
		{3459DFF7-5BB5-4BC5-92E1-FBF0EA6A4BE4}.Debug|x86.Build.0 = Debug|Any CPU
		{3459DFF7-5BB5-4BC5-92E1-FBF0EA6A4BE4}.Release|Any CPU.ActiveCfg = Release|Any CPU
		{3459DFF7-5BB5-4BC5-92E1-FBF0EA6A4BE4}.Release|Any CPU.Build.0 = Release|Any CPU
		{3459DFF7-5BB5-4BC5-92E1-FBF0EA6A4BE4}.Release|x64.ActiveCfg = Release|Any CPU
		{3459DFF7-5BB5-4BC5-92E1-FBF0EA6A4BE4}.Release|x64.Build.0 = Release|Any CPU
		{3459DFF7-5BB5-4BC5-92E1-FBF0EA6A4BE4}.Release|x86.ActiveCfg = Release|Any CPU
		{3459DFF7-5BB5-4BC5-92E1-FBF0EA6A4BE4}.Release|x86.Build.0 = Release|Any CPU
		{1AFCEB5E-1BF4-4B36-8197-A8BF39C2E09A}.Debug|Any CPU.ActiveCfg = Debug|Any CPU
		{1AFCEB5E-1BF4-4B36-8197-A8BF39C2E09A}.Debug|Any CPU.Build.0 = Debug|Any CPU
		{1AFCEB5E-1BF4-4B36-8197-A8BF39C2E09A}.Debug|x64.ActiveCfg = Debug|Any CPU
		{1AFCEB5E-1BF4-4B36-8197-A8BF39C2E09A}.Debug|x64.Build.0 = Debug|Any CPU
		{1AFCEB5E-1BF4-4B36-8197-A8BF39C2E09A}.Debug|x86.ActiveCfg = Debug|Any CPU
		{1AFCEB5E-1BF4-4B36-8197-A8BF39C2E09A}.Debug|x86.Build.0 = Debug|Any CPU
		{1AFCEB5E-1BF4-4B36-8197-A8BF39C2E09A}.Release|Any CPU.ActiveCfg = Release|Any CPU
		{1AFCEB5E-1BF4-4B36-8197-A8BF39C2E09A}.Release|Any CPU.Build.0 = Release|Any CPU
		{1AFCEB5E-1BF4-4B36-8197-A8BF39C2E09A}.Release|x64.ActiveCfg = Release|Any CPU
		{1AFCEB5E-1BF4-4B36-8197-A8BF39C2E09A}.Release|x64.Build.0 = Release|Any CPU
		{1AFCEB5E-1BF4-4B36-8197-A8BF39C2E09A}.Release|x86.ActiveCfg = Release|Any CPU
		{1AFCEB5E-1BF4-4B36-8197-A8BF39C2E09A}.Release|x86.Build.0 = Release|Any CPU
		{F8F0427A-F607-488A-8E79-D3D2AD85C146}.Debug|Any CPU.ActiveCfg = Debug|Any CPU
		{F8F0427A-F607-488A-8E79-D3D2AD85C146}.Debug|Any CPU.Build.0 = Debug|Any CPU
		{F8F0427A-F607-488A-8E79-D3D2AD85C146}.Debug|x64.ActiveCfg = Debug|Any CPU
		{F8F0427A-F607-488A-8E79-D3D2AD85C146}.Debug|x64.Build.0 = Debug|Any CPU
		{F8F0427A-F607-488A-8E79-D3D2AD85C146}.Debug|x86.ActiveCfg = Debug|Any CPU
		{F8F0427A-F607-488A-8E79-D3D2AD85C146}.Debug|x86.Build.0 = Debug|Any CPU
		{F8F0427A-F607-488A-8E79-D3D2AD85C146}.Release|Any CPU.ActiveCfg = Release|Any CPU
		{F8F0427A-F607-488A-8E79-D3D2AD85C146}.Release|Any CPU.Build.0 = Release|Any CPU
		{F8F0427A-F607-488A-8E79-D3D2AD85C146}.Release|x64.ActiveCfg = Release|Any CPU
		{F8F0427A-F607-488A-8E79-D3D2AD85C146}.Release|x64.Build.0 = Release|Any CPU
		{F8F0427A-F607-488A-8E79-D3D2AD85C146}.Release|x86.ActiveCfg = Release|Any CPU
		{F8F0427A-F607-488A-8E79-D3D2AD85C146}.Release|x86.Build.0 = Release|Any CPU
		{C6FAAC20-8612-4BDF-B11A-22F85ED73EC3}.Debug|Any CPU.ActiveCfg = Debug|Any CPU
		{C6FAAC20-8612-4BDF-B11A-22F85ED73EC3}.Debug|Any CPU.Build.0 = Debug|Any CPU
		{C6FAAC20-8612-4BDF-B11A-22F85ED73EC3}.Debug|x64.ActiveCfg = Debug|Any CPU
		{C6FAAC20-8612-4BDF-B11A-22F85ED73EC3}.Debug|x64.Build.0 = Debug|Any CPU
		{C6FAAC20-8612-4BDF-B11A-22F85ED73EC3}.Debug|x86.ActiveCfg = Debug|Any CPU
		{C6FAAC20-8612-4BDF-B11A-22F85ED73EC3}.Debug|x86.Build.0 = Debug|Any CPU
		{C6FAAC20-8612-4BDF-B11A-22F85ED73EC3}.Release|Any CPU.ActiveCfg = Release|Any CPU
		{C6FAAC20-8612-4BDF-B11A-22F85ED73EC3}.Release|Any CPU.Build.0 = Release|Any CPU
		{C6FAAC20-8612-4BDF-B11A-22F85ED73EC3}.Release|x64.ActiveCfg = Release|Any CPU
		{C6FAAC20-8612-4BDF-B11A-22F85ED73EC3}.Release|x64.Build.0 = Release|Any CPU
		{C6FAAC20-8612-4BDF-B11A-22F85ED73EC3}.Release|x86.ActiveCfg = Release|Any CPU
		{C6FAAC20-8612-4BDF-B11A-22F85ED73EC3}.Release|x86.Build.0 = Release|Any CPU
		{791B2EA5-1560-4E84-93BB-EA275F2E1155}.Debug|Any CPU.ActiveCfg = Debug|Any CPU
		{791B2EA5-1560-4E84-93BB-EA275F2E1155}.Debug|Any CPU.Build.0 = Debug|Any CPU
		{791B2EA5-1560-4E84-93BB-EA275F2E1155}.Debug|x64.ActiveCfg = Debug|Any CPU
		{791B2EA5-1560-4E84-93BB-EA275F2E1155}.Debug|x64.Build.0 = Debug|Any CPU
		{791B2EA5-1560-4E84-93BB-EA275F2E1155}.Debug|x86.ActiveCfg = Debug|Any CPU
		{791B2EA5-1560-4E84-93BB-EA275F2E1155}.Debug|x86.Build.0 = Debug|Any CPU
		{791B2EA5-1560-4E84-93BB-EA275F2E1155}.Release|Any CPU.ActiveCfg = Release|Any CPU
		{791B2EA5-1560-4E84-93BB-EA275F2E1155}.Release|Any CPU.Build.0 = Release|Any CPU
		{791B2EA5-1560-4E84-93BB-EA275F2E1155}.Release|x64.ActiveCfg = Release|Any CPU
		{791B2EA5-1560-4E84-93BB-EA275F2E1155}.Release|x64.Build.0 = Release|Any CPU
		{791B2EA5-1560-4E84-93BB-EA275F2E1155}.Release|x86.ActiveCfg = Release|Any CPU
		{791B2EA5-1560-4E84-93BB-EA275F2E1155}.Release|x86.Build.0 = Release|Any CPU
		{122CF51B-A513-4E7E-9D30-84E919EE167F}.Debug|Any CPU.ActiveCfg = Debug|Any CPU
		{122CF51B-A513-4E7E-9D30-84E919EE167F}.Debug|Any CPU.Build.0 = Debug|Any CPU
		{122CF51B-A513-4E7E-9D30-84E919EE167F}.Debug|x64.ActiveCfg = Debug|Any CPU
		{122CF51B-A513-4E7E-9D30-84E919EE167F}.Debug|x64.Build.0 = Debug|Any CPU
		{122CF51B-A513-4E7E-9D30-84E919EE167F}.Debug|x86.ActiveCfg = Debug|Any CPU
		{122CF51B-A513-4E7E-9D30-84E919EE167F}.Debug|x86.Build.0 = Debug|Any CPU
		{122CF51B-A513-4E7E-9D30-84E919EE167F}.Release|Any CPU.ActiveCfg = Release|Any CPU
		{122CF51B-A513-4E7E-9D30-84E919EE167F}.Release|Any CPU.Build.0 = Release|Any CPU
		{122CF51B-A513-4E7E-9D30-84E919EE167F}.Release|x64.ActiveCfg = Release|Any CPU
		{122CF51B-A513-4E7E-9D30-84E919EE167F}.Release|x64.Build.0 = Release|Any CPU
		{122CF51B-A513-4E7E-9D30-84E919EE167F}.Release|x86.ActiveCfg = Release|Any CPU
		{122CF51B-A513-4E7E-9D30-84E919EE167F}.Release|x86.Build.0 = Release|Any CPU
		{B60F00DA-1677-41A7-8456-FBCDBDEE1817}.Debug|Any CPU.ActiveCfg = Debug|Any CPU
		{B60F00DA-1677-41A7-8456-FBCDBDEE1817}.Debug|Any CPU.Build.0 = Debug|Any CPU
		{B60F00DA-1677-41A7-8456-FBCDBDEE1817}.Debug|x64.ActiveCfg = Debug|Any CPU
		{B60F00DA-1677-41A7-8456-FBCDBDEE1817}.Debug|x64.Build.0 = Debug|Any CPU
		{B60F00DA-1677-41A7-8456-FBCDBDEE1817}.Debug|x86.ActiveCfg = Debug|Any CPU
		{B60F00DA-1677-41A7-8456-FBCDBDEE1817}.Debug|x86.Build.0 = Debug|Any CPU
		{B60F00DA-1677-41A7-8456-FBCDBDEE1817}.Release|Any CPU.ActiveCfg = Release|Any CPU
		{B60F00DA-1677-41A7-8456-FBCDBDEE1817}.Release|Any CPU.Build.0 = Release|Any CPU
		{B60F00DA-1677-41A7-8456-FBCDBDEE1817}.Release|x64.ActiveCfg = Release|Any CPU
		{B60F00DA-1677-41A7-8456-FBCDBDEE1817}.Release|x64.Build.0 = Release|Any CPU
		{B60F00DA-1677-41A7-8456-FBCDBDEE1817}.Release|x86.ActiveCfg = Release|Any CPU
		{B60F00DA-1677-41A7-8456-FBCDBDEE1817}.Release|x86.Build.0 = Release|Any CPU
		{86DD3DA4-129A-4A5A-8187-34424660E691}.Debug|Any CPU.ActiveCfg = Debug|Any CPU
		{86DD3DA4-129A-4A5A-8187-34424660E691}.Debug|Any CPU.Build.0 = Debug|Any CPU
		{86DD3DA4-129A-4A5A-8187-34424660E691}.Debug|x64.ActiveCfg = Debug|Any CPU
		{86DD3DA4-129A-4A5A-8187-34424660E691}.Debug|x64.Build.0 = Debug|Any CPU
		{86DD3DA4-129A-4A5A-8187-34424660E691}.Debug|x86.ActiveCfg = Debug|Any CPU
		{86DD3DA4-129A-4A5A-8187-34424660E691}.Debug|x86.Build.0 = Debug|Any CPU
		{86DD3DA4-129A-4A5A-8187-34424660E691}.Release|Any CPU.ActiveCfg = Release|Any CPU
		{86DD3DA4-129A-4A5A-8187-34424660E691}.Release|Any CPU.Build.0 = Release|Any CPU
		{86DD3DA4-129A-4A5A-8187-34424660E691}.Release|x64.ActiveCfg = Release|Any CPU
		{86DD3DA4-129A-4A5A-8187-34424660E691}.Release|x64.Build.0 = Release|Any CPU
		{86DD3DA4-129A-4A5A-8187-34424660E691}.Release|x86.ActiveCfg = Release|Any CPU
		{86DD3DA4-129A-4A5A-8187-34424660E691}.Release|x86.Build.0 = Release|Any CPU
		{3C11F6A1-1528-413A-A0E6-0D7B7351C0CD}.Debug|Any CPU.ActiveCfg = Debug|Any CPU
		{3C11F6A1-1528-413A-A0E6-0D7B7351C0CD}.Debug|Any CPU.Build.0 = Debug|Any CPU
		{3C11F6A1-1528-413A-A0E6-0D7B7351C0CD}.Debug|x64.ActiveCfg = Debug|Any CPU
		{3C11F6A1-1528-413A-A0E6-0D7B7351C0CD}.Debug|x64.Build.0 = Debug|Any CPU
		{3C11F6A1-1528-413A-A0E6-0D7B7351C0CD}.Debug|x86.ActiveCfg = Debug|Any CPU
		{3C11F6A1-1528-413A-A0E6-0D7B7351C0CD}.Debug|x86.Build.0 = Debug|Any CPU
		{3C11F6A1-1528-413A-A0E6-0D7B7351C0CD}.Release|Any CPU.ActiveCfg = Release|Any CPU
		{3C11F6A1-1528-413A-A0E6-0D7B7351C0CD}.Release|Any CPU.Build.0 = Release|Any CPU
		{3C11F6A1-1528-413A-A0E6-0D7B7351C0CD}.Release|x64.ActiveCfg = Release|Any CPU
		{3C11F6A1-1528-413A-A0E6-0D7B7351C0CD}.Release|x64.Build.0 = Release|Any CPU
		{3C11F6A1-1528-413A-A0E6-0D7B7351C0CD}.Release|x86.ActiveCfg = Release|Any CPU
		{3C11F6A1-1528-413A-A0E6-0D7B7351C0CD}.Release|x86.Build.0 = Release|Any CPU
		{A70C460B-6967-477A-9077-A73F2870481F}.Debug|Any CPU.ActiveCfg = Debug|Any CPU
		{A70C460B-6967-477A-9077-A73F2870481F}.Debug|Any CPU.Build.0 = Debug|Any CPU
		{A70C460B-6967-477A-9077-A73F2870481F}.Debug|x64.ActiveCfg = Debug|Any CPU
		{A70C460B-6967-477A-9077-A73F2870481F}.Debug|x64.Build.0 = Debug|Any CPU
		{A70C460B-6967-477A-9077-A73F2870481F}.Debug|x86.ActiveCfg = Debug|Any CPU
		{A70C460B-6967-477A-9077-A73F2870481F}.Debug|x86.Build.0 = Debug|Any CPU
		{A70C460B-6967-477A-9077-A73F2870481F}.Release|Any CPU.ActiveCfg = Release|Any CPU
		{A70C460B-6967-477A-9077-A73F2870481F}.Release|Any CPU.Build.0 = Release|Any CPU
		{A70C460B-6967-477A-9077-A73F2870481F}.Release|x64.ActiveCfg = Release|Any CPU
		{A70C460B-6967-477A-9077-A73F2870481F}.Release|x64.Build.0 = Release|Any CPU
		{A70C460B-6967-477A-9077-A73F2870481F}.Release|x86.ActiveCfg = Release|Any CPU
		{A70C460B-6967-477A-9077-A73F2870481F}.Release|x86.Build.0 = Release|Any CPU
		{B98B889B-F3F1-4346-8B1C-78A367C6600D}.Debug|Any CPU.ActiveCfg = Debug|Any CPU
		{B98B889B-F3F1-4346-8B1C-78A367C6600D}.Debug|Any CPU.Build.0 = Debug|Any CPU
		{B98B889B-F3F1-4346-8B1C-78A367C6600D}.Debug|x64.ActiveCfg = Debug|Any CPU
		{B98B889B-F3F1-4346-8B1C-78A367C6600D}.Debug|x64.Build.0 = Debug|Any CPU
		{B98B889B-F3F1-4346-8B1C-78A367C6600D}.Debug|x86.ActiveCfg = Debug|Any CPU
		{B98B889B-F3F1-4346-8B1C-78A367C6600D}.Debug|x86.Build.0 = Debug|Any CPU
		{B98B889B-F3F1-4346-8B1C-78A367C6600D}.Release|Any CPU.ActiveCfg = Release|Any CPU
		{B98B889B-F3F1-4346-8B1C-78A367C6600D}.Release|Any CPU.Build.0 = Release|Any CPU
		{B98B889B-F3F1-4346-8B1C-78A367C6600D}.Release|x64.ActiveCfg = Release|Any CPU
		{B98B889B-F3F1-4346-8B1C-78A367C6600D}.Release|x64.Build.0 = Release|Any CPU
		{B98B889B-F3F1-4346-8B1C-78A367C6600D}.Release|x86.ActiveCfg = Release|Any CPU
		{B98B889B-F3F1-4346-8B1C-78A367C6600D}.Release|x86.Build.0 = Release|Any CPU
		{7FA3FEE6-3275-465F-8BE8-CDB738878648}.Debug|Any CPU.ActiveCfg = Debug|Any CPU
		{7FA3FEE6-3275-465F-8BE8-CDB738878648}.Debug|Any CPU.Build.0 = Debug|Any CPU
		{7FA3FEE6-3275-465F-8BE8-CDB738878648}.Debug|x64.ActiveCfg = Debug|Any CPU
		{7FA3FEE6-3275-465F-8BE8-CDB738878648}.Debug|x64.Build.0 = Debug|Any CPU
		{7FA3FEE6-3275-465F-8BE8-CDB738878648}.Debug|x86.ActiveCfg = Debug|Any CPU
		{7FA3FEE6-3275-465F-8BE8-CDB738878648}.Debug|x86.Build.0 = Debug|Any CPU
		{7FA3FEE6-3275-465F-8BE8-CDB738878648}.Release|Any CPU.ActiveCfg = Release|Any CPU
		{7FA3FEE6-3275-465F-8BE8-CDB738878648}.Release|Any CPU.Build.0 = Release|Any CPU
		{7FA3FEE6-3275-465F-8BE8-CDB738878648}.Release|x64.ActiveCfg = Release|Any CPU
		{7FA3FEE6-3275-465F-8BE8-CDB738878648}.Release|x64.Build.0 = Release|Any CPU
		{7FA3FEE6-3275-465F-8BE8-CDB738878648}.Release|x86.ActiveCfg = Release|Any CPU
		{7FA3FEE6-3275-465F-8BE8-CDB738878648}.Release|x86.Build.0 = Release|Any CPU
		{AD869EE0-5C6B-44B5-89D9-B619F87D6AFE}.Debug|Any CPU.ActiveCfg = Debug|Any CPU
		{AD869EE0-5C6B-44B5-89D9-B619F87D6AFE}.Debug|Any CPU.Build.0 = Debug|Any CPU
		{AD869EE0-5C6B-44B5-89D9-B619F87D6AFE}.Debug|x64.ActiveCfg = Debug|Any CPU
		{AD869EE0-5C6B-44B5-89D9-B619F87D6AFE}.Debug|x64.Build.0 = Debug|Any CPU
		{AD869EE0-5C6B-44B5-89D9-B619F87D6AFE}.Debug|x86.ActiveCfg = Debug|Any CPU
		{AD869EE0-5C6B-44B5-89D9-B619F87D6AFE}.Debug|x86.Build.0 = Debug|Any CPU
		{AD869EE0-5C6B-44B5-89D9-B619F87D6AFE}.Release|Any CPU.ActiveCfg = Release|Any CPU
		{AD869EE0-5C6B-44B5-89D9-B619F87D6AFE}.Release|Any CPU.Build.0 = Release|Any CPU
		{AD869EE0-5C6B-44B5-89D9-B619F87D6AFE}.Release|x64.ActiveCfg = Release|Any CPU
		{AD869EE0-5C6B-44B5-89D9-B619F87D6AFE}.Release|x64.Build.0 = Release|Any CPU
		{AD869EE0-5C6B-44B5-89D9-B619F87D6AFE}.Release|x86.ActiveCfg = Release|Any CPU
		{AD869EE0-5C6B-44B5-89D9-B619F87D6AFE}.Release|x86.Build.0 = Release|Any CPU
		{DEC62FF6-CD18-4C2D-8790-CCE1662D413F}.Debug|Any CPU.ActiveCfg = Debug|Any CPU
		{DEC62FF6-CD18-4C2D-8790-CCE1662D413F}.Debug|Any CPU.Build.0 = Debug|Any CPU
		{DEC62FF6-CD18-4C2D-8790-CCE1662D413F}.Debug|x64.ActiveCfg = Debug|Any CPU
		{DEC62FF6-CD18-4C2D-8790-CCE1662D413F}.Debug|x64.Build.0 = Debug|Any CPU
		{DEC62FF6-CD18-4C2D-8790-CCE1662D413F}.Debug|x86.ActiveCfg = Debug|Any CPU
		{DEC62FF6-CD18-4C2D-8790-CCE1662D413F}.Debug|x86.Build.0 = Debug|Any CPU
		{DEC62FF6-CD18-4C2D-8790-CCE1662D413F}.Release|Any CPU.ActiveCfg = Release|Any CPU
		{DEC62FF6-CD18-4C2D-8790-CCE1662D413F}.Release|Any CPU.Build.0 = Release|Any CPU
		{DEC62FF6-CD18-4C2D-8790-CCE1662D413F}.Release|x64.ActiveCfg = Release|Any CPU
		{DEC62FF6-CD18-4C2D-8790-CCE1662D413F}.Release|x64.Build.0 = Release|Any CPU
		{DEC62FF6-CD18-4C2D-8790-CCE1662D413F}.Release|x86.ActiveCfg = Release|Any CPU
		{DEC62FF6-CD18-4C2D-8790-CCE1662D413F}.Release|x86.Build.0 = Release|Any CPU
		{F2FE4CA5-98BD-4C36-9CD4-A6A813BBB446}.Debug|Any CPU.ActiveCfg = Debug|Any CPU
		{F2FE4CA5-98BD-4C36-9CD4-A6A813BBB446}.Debug|Any CPU.Build.0 = Debug|Any CPU
		{F2FE4CA5-98BD-4C36-9CD4-A6A813BBB446}.Debug|x64.ActiveCfg = Debug|Any CPU
		{F2FE4CA5-98BD-4C36-9CD4-A6A813BBB446}.Debug|x64.Build.0 = Debug|Any CPU
		{F2FE4CA5-98BD-4C36-9CD4-A6A813BBB446}.Debug|x86.ActiveCfg = Debug|Any CPU
		{F2FE4CA5-98BD-4C36-9CD4-A6A813BBB446}.Debug|x86.Build.0 = Debug|Any CPU
		{F2FE4CA5-98BD-4C36-9CD4-A6A813BBB446}.Release|Any CPU.ActiveCfg = Release|Any CPU
		{F2FE4CA5-98BD-4C36-9CD4-A6A813BBB446}.Release|Any CPU.Build.0 = Release|Any CPU
		{F2FE4CA5-98BD-4C36-9CD4-A6A813BBB446}.Release|x64.ActiveCfg = Release|Any CPU
		{F2FE4CA5-98BD-4C36-9CD4-A6A813BBB446}.Release|x64.Build.0 = Release|Any CPU
		{F2FE4CA5-98BD-4C36-9CD4-A6A813BBB446}.Release|x86.ActiveCfg = Release|Any CPU
		{F2FE4CA5-98BD-4C36-9CD4-A6A813BBB446}.Release|x86.Build.0 = Release|Any CPU
		{A7A75A88-7D7F-4396-B52A-FEC26838C0A3}.Debug|Any CPU.ActiveCfg = Debug|Any CPU
		{A7A75A88-7D7F-4396-B52A-FEC26838C0A3}.Debug|Any CPU.Build.0 = Debug|Any CPU
		{A7A75A88-7D7F-4396-B52A-FEC26838C0A3}.Debug|x64.ActiveCfg = Debug|Any CPU
		{A7A75A88-7D7F-4396-B52A-FEC26838C0A3}.Debug|x64.Build.0 = Debug|Any CPU
		{A7A75A88-7D7F-4396-B52A-FEC26838C0A3}.Debug|x86.ActiveCfg = Debug|Any CPU
		{A7A75A88-7D7F-4396-B52A-FEC26838C0A3}.Debug|x86.Build.0 = Debug|Any CPU
		{A7A75A88-7D7F-4396-B52A-FEC26838C0A3}.Release|Any CPU.ActiveCfg = Release|Any CPU
		{A7A75A88-7D7F-4396-B52A-FEC26838C0A3}.Release|Any CPU.Build.0 = Release|Any CPU
		{A7A75A88-7D7F-4396-B52A-FEC26838C0A3}.Release|x64.ActiveCfg = Release|Any CPU
		{A7A75A88-7D7F-4396-B52A-FEC26838C0A3}.Release|x64.Build.0 = Release|Any CPU
		{A7A75A88-7D7F-4396-B52A-FEC26838C0A3}.Release|x86.ActiveCfg = Release|Any CPU
		{A7A75A88-7D7F-4396-B52A-FEC26838C0A3}.Release|x86.Build.0 = Release|Any CPU
		{892FB3F6-3F03-40A6-95A7-187B87B7CDD4}.Debug|Any CPU.ActiveCfg = Debug|Any CPU
		{892FB3F6-3F03-40A6-95A7-187B87B7CDD4}.Debug|Any CPU.Build.0 = Debug|Any CPU
		{892FB3F6-3F03-40A6-95A7-187B87B7CDD4}.Debug|x64.ActiveCfg = Debug|Any CPU
		{892FB3F6-3F03-40A6-95A7-187B87B7CDD4}.Debug|x64.Build.0 = Debug|Any CPU
		{892FB3F6-3F03-40A6-95A7-187B87B7CDD4}.Debug|x86.ActiveCfg = Debug|Any CPU
		{892FB3F6-3F03-40A6-95A7-187B87B7CDD4}.Debug|x86.Build.0 = Debug|Any CPU
		{892FB3F6-3F03-40A6-95A7-187B87B7CDD4}.Release|Any CPU.ActiveCfg = Release|Any CPU
		{892FB3F6-3F03-40A6-95A7-187B87B7CDD4}.Release|Any CPU.Build.0 = Release|Any CPU
		{892FB3F6-3F03-40A6-95A7-187B87B7CDD4}.Release|x64.ActiveCfg = Release|Any CPU
		{892FB3F6-3F03-40A6-95A7-187B87B7CDD4}.Release|x64.Build.0 = Release|Any CPU
		{892FB3F6-3F03-40A6-95A7-187B87B7CDD4}.Release|x86.ActiveCfg = Release|Any CPU
		{892FB3F6-3F03-40A6-95A7-187B87B7CDD4}.Release|x86.Build.0 = Release|Any CPU
		{57479B43-078E-4597-A11C-96D269CC818C}.Debug|Any CPU.ActiveCfg = Debug|Any CPU
		{57479B43-078E-4597-A11C-96D269CC818C}.Debug|Any CPU.Build.0 = Debug|Any CPU
		{57479B43-078E-4597-A11C-96D269CC818C}.Debug|x64.ActiveCfg = Debug|Any CPU
		{57479B43-078E-4597-A11C-96D269CC818C}.Debug|x64.Build.0 = Debug|Any CPU
		{57479B43-078E-4597-A11C-96D269CC818C}.Debug|x86.ActiveCfg = Debug|Any CPU
		{57479B43-078E-4597-A11C-96D269CC818C}.Debug|x86.Build.0 = Debug|Any CPU
		{57479B43-078E-4597-A11C-96D269CC818C}.Release|Any CPU.ActiveCfg = Release|Any CPU
		{57479B43-078E-4597-A11C-96D269CC818C}.Release|Any CPU.Build.0 = Release|Any CPU
		{57479B43-078E-4597-A11C-96D269CC818C}.Release|x64.ActiveCfg = Release|Any CPU
		{57479B43-078E-4597-A11C-96D269CC818C}.Release|x64.Build.0 = Release|Any CPU
		{57479B43-078E-4597-A11C-96D269CC818C}.Release|x86.ActiveCfg = Release|Any CPU
		{57479B43-078E-4597-A11C-96D269CC818C}.Release|x86.Build.0 = Release|Any CPU
		{E9BE660A-AE4A-47F4-8746-DCAEEC477C18}.Debug|Any CPU.ActiveCfg = Debug|Any CPU
		{E9BE660A-AE4A-47F4-8746-DCAEEC477C18}.Debug|Any CPU.Build.0 = Debug|Any CPU
		{E9BE660A-AE4A-47F4-8746-DCAEEC477C18}.Debug|x64.ActiveCfg = Debug|Any CPU
		{E9BE660A-AE4A-47F4-8746-DCAEEC477C18}.Debug|x64.Build.0 = Debug|Any CPU
		{E9BE660A-AE4A-47F4-8746-DCAEEC477C18}.Debug|x86.ActiveCfg = Debug|Any CPU
		{E9BE660A-AE4A-47F4-8746-DCAEEC477C18}.Debug|x86.Build.0 = Debug|Any CPU
		{E9BE660A-AE4A-47F4-8746-DCAEEC477C18}.Release|Any CPU.ActiveCfg = Release|Any CPU
		{E9BE660A-AE4A-47F4-8746-DCAEEC477C18}.Release|Any CPU.Build.0 = Release|Any CPU
		{E9BE660A-AE4A-47F4-8746-DCAEEC477C18}.Release|x64.ActiveCfg = Release|Any CPU
		{E9BE660A-AE4A-47F4-8746-DCAEEC477C18}.Release|x64.Build.0 = Release|Any CPU
		{E9BE660A-AE4A-47F4-8746-DCAEEC477C18}.Release|x86.ActiveCfg = Release|Any CPU
		{E9BE660A-AE4A-47F4-8746-DCAEEC477C18}.Release|x86.Build.0 = Release|Any CPU
		{9C869689-4447-4985-A2C5-DE0B155A8F9C}.Debug|Any CPU.ActiveCfg = Debug|Any CPU
		{9C869689-4447-4985-A2C5-DE0B155A8F9C}.Debug|Any CPU.Build.0 = Debug|Any CPU
		{9C869689-4447-4985-A2C5-DE0B155A8F9C}.Debug|x64.ActiveCfg = Debug|Any CPU
		{9C869689-4447-4985-A2C5-DE0B155A8F9C}.Debug|x64.Build.0 = Debug|Any CPU
		{9C869689-4447-4985-A2C5-DE0B155A8F9C}.Debug|x86.ActiveCfg = Debug|Any CPU
		{9C869689-4447-4985-A2C5-DE0B155A8F9C}.Debug|x86.Build.0 = Debug|Any CPU
		{9C869689-4447-4985-A2C5-DE0B155A8F9C}.Release|Any CPU.ActiveCfg = Release|Any CPU
		{9C869689-4447-4985-A2C5-DE0B155A8F9C}.Release|Any CPU.Build.0 = Release|Any CPU
		{9C869689-4447-4985-A2C5-DE0B155A8F9C}.Release|x64.ActiveCfg = Release|Any CPU
		{9C869689-4447-4985-A2C5-DE0B155A8F9C}.Release|x64.Build.0 = Release|Any CPU
		{9C869689-4447-4985-A2C5-DE0B155A8F9C}.Release|x86.ActiveCfg = Release|Any CPU
		{9C869689-4447-4985-A2C5-DE0B155A8F9C}.Release|x86.Build.0 = Release|Any CPU
		{66B9F6CD-C165-451D-B237-A0B2AA0A3350}.Debug|Any CPU.ActiveCfg = Debug|Any CPU
		{66B9F6CD-C165-451D-B237-A0B2AA0A3350}.Debug|Any CPU.Build.0 = Debug|Any CPU
		{66B9F6CD-C165-451D-B237-A0B2AA0A3350}.Debug|x64.ActiveCfg = Debug|Any CPU
		{66B9F6CD-C165-451D-B237-A0B2AA0A3350}.Debug|x64.Build.0 = Debug|Any CPU
		{66B9F6CD-C165-451D-B237-A0B2AA0A3350}.Debug|x86.ActiveCfg = Debug|Any CPU
		{66B9F6CD-C165-451D-B237-A0B2AA0A3350}.Debug|x86.Build.0 = Debug|Any CPU
		{66B9F6CD-C165-451D-B237-A0B2AA0A3350}.Release|Any CPU.ActiveCfg = Release|Any CPU
		{66B9F6CD-C165-451D-B237-A0B2AA0A3350}.Release|Any CPU.Build.0 = Release|Any CPU
		{66B9F6CD-C165-451D-B237-A0B2AA0A3350}.Release|x64.ActiveCfg = Release|Any CPU
		{66B9F6CD-C165-451D-B237-A0B2AA0A3350}.Release|x64.Build.0 = Release|Any CPU
		{66B9F6CD-C165-451D-B237-A0B2AA0A3350}.Release|x86.ActiveCfg = Release|Any CPU
		{66B9F6CD-C165-451D-B237-A0B2AA0A3350}.Release|x86.Build.0 = Release|Any CPU
		{C9DA5537-2F3B-4686-8471-9B3FAA566E14}.Debug|Any CPU.ActiveCfg = Debug|Any CPU
		{C9DA5537-2F3B-4686-8471-9B3FAA566E14}.Debug|Any CPU.Build.0 = Debug|Any CPU
		{C9DA5537-2F3B-4686-8471-9B3FAA566E14}.Debug|x64.ActiveCfg = Debug|Any CPU
		{C9DA5537-2F3B-4686-8471-9B3FAA566E14}.Debug|x64.Build.0 = Debug|Any CPU
		{C9DA5537-2F3B-4686-8471-9B3FAA566E14}.Debug|x86.ActiveCfg = Debug|Any CPU
		{C9DA5537-2F3B-4686-8471-9B3FAA566E14}.Debug|x86.Build.0 = Debug|Any CPU
		{C9DA5537-2F3B-4686-8471-9B3FAA566E14}.Release|Any CPU.ActiveCfg = Release|Any CPU
		{C9DA5537-2F3B-4686-8471-9B3FAA566E14}.Release|Any CPU.Build.0 = Release|Any CPU
		{C9DA5537-2F3B-4686-8471-9B3FAA566E14}.Release|x64.ActiveCfg = Release|Any CPU
		{C9DA5537-2F3B-4686-8471-9B3FAA566E14}.Release|x64.Build.0 = Release|Any CPU
		{C9DA5537-2F3B-4686-8471-9B3FAA566E14}.Release|x86.ActiveCfg = Release|Any CPU
		{C9DA5537-2F3B-4686-8471-9B3FAA566E14}.Release|x86.Build.0 = Release|Any CPU
		{6EFAD445-6E63-4C74-BB2B-4336646AE7D2}.Debug|Any CPU.ActiveCfg = Debug|Any CPU
		{6EFAD445-6E63-4C74-BB2B-4336646AE7D2}.Debug|Any CPU.Build.0 = Debug|Any CPU
		{6EFAD445-6E63-4C74-BB2B-4336646AE7D2}.Debug|x64.ActiveCfg = Debug|Any CPU
		{6EFAD445-6E63-4C74-BB2B-4336646AE7D2}.Debug|x64.Build.0 = Debug|Any CPU
		{6EFAD445-6E63-4C74-BB2B-4336646AE7D2}.Debug|x86.ActiveCfg = Debug|Any CPU
		{6EFAD445-6E63-4C74-BB2B-4336646AE7D2}.Debug|x86.Build.0 = Debug|Any CPU
		{6EFAD445-6E63-4C74-BB2B-4336646AE7D2}.Release|Any CPU.ActiveCfg = Release|Any CPU
		{6EFAD445-6E63-4C74-BB2B-4336646AE7D2}.Release|Any CPU.Build.0 = Release|Any CPU
		{6EFAD445-6E63-4C74-BB2B-4336646AE7D2}.Release|x64.ActiveCfg = Release|Any CPU
		{6EFAD445-6E63-4C74-BB2B-4336646AE7D2}.Release|x64.Build.0 = Release|Any CPU
		{6EFAD445-6E63-4C74-BB2B-4336646AE7D2}.Release|x86.ActiveCfg = Release|Any CPU
		{6EFAD445-6E63-4C74-BB2B-4336646AE7D2}.Release|x86.Build.0 = Release|Any CPU
		{4A34C247-A918-4A23-9F8A-9F4EE983EB2D}.Debug|Any CPU.ActiveCfg = Debug|Any CPU
		{4A34C247-A918-4A23-9F8A-9F4EE983EB2D}.Debug|Any CPU.Build.0 = Debug|Any CPU
		{4A34C247-A918-4A23-9F8A-9F4EE983EB2D}.Debug|x64.ActiveCfg = Debug|Any CPU
		{4A34C247-A918-4A23-9F8A-9F4EE983EB2D}.Debug|x64.Build.0 = Debug|Any CPU
		{4A34C247-A918-4A23-9F8A-9F4EE983EB2D}.Debug|x86.ActiveCfg = Debug|Any CPU
		{4A34C247-A918-4A23-9F8A-9F4EE983EB2D}.Debug|x86.Build.0 = Debug|Any CPU
		{4A34C247-A918-4A23-9F8A-9F4EE983EB2D}.Release|Any CPU.ActiveCfg = Release|Any CPU
		{4A34C247-A918-4A23-9F8A-9F4EE983EB2D}.Release|Any CPU.Build.0 = Release|Any CPU
		{4A34C247-A918-4A23-9F8A-9F4EE983EB2D}.Release|x64.ActiveCfg = Release|Any CPU
		{4A34C247-A918-4A23-9F8A-9F4EE983EB2D}.Release|x64.Build.0 = Release|Any CPU
		{4A34C247-A918-4A23-9F8A-9F4EE983EB2D}.Release|x86.ActiveCfg = Release|Any CPU
		{4A34C247-A918-4A23-9F8A-9F4EE983EB2D}.Release|x86.Build.0 = Release|Any CPU
		{D0544A97-2C2E-45A5-876F-FBD6242799B2}.Debug|Any CPU.ActiveCfg = Debug|Any CPU
		{D0544A97-2C2E-45A5-876F-FBD6242799B2}.Debug|Any CPU.Build.0 = Debug|Any CPU
		{D0544A97-2C2E-45A5-876F-FBD6242799B2}.Debug|x64.ActiveCfg = Debug|Any CPU
		{D0544A97-2C2E-45A5-876F-FBD6242799B2}.Debug|x64.Build.0 = Debug|Any CPU
		{D0544A97-2C2E-45A5-876F-FBD6242799B2}.Debug|x86.ActiveCfg = Debug|Any CPU
		{D0544A97-2C2E-45A5-876F-FBD6242799B2}.Debug|x86.Build.0 = Debug|Any CPU
		{D0544A97-2C2E-45A5-876F-FBD6242799B2}.Release|Any CPU.ActiveCfg = Release|Any CPU
		{D0544A97-2C2E-45A5-876F-FBD6242799B2}.Release|Any CPU.Build.0 = Release|Any CPU
		{D0544A97-2C2E-45A5-876F-FBD6242799B2}.Release|x64.ActiveCfg = Release|Any CPU
		{D0544A97-2C2E-45A5-876F-FBD6242799B2}.Release|x64.Build.0 = Release|Any CPU
		{D0544A97-2C2E-45A5-876F-FBD6242799B2}.Release|x86.ActiveCfg = Release|Any CPU
		{D0544A97-2C2E-45A5-876F-FBD6242799B2}.Release|x86.Build.0 = Release|Any CPU
		{D53198F7-0BAC-4F6F-B233-AE8B806F75DB}.Debug|Any CPU.ActiveCfg = Debug|Any CPU
		{D53198F7-0BAC-4F6F-B233-AE8B806F75DB}.Debug|Any CPU.Build.0 = Debug|Any CPU
		{D53198F7-0BAC-4F6F-B233-AE8B806F75DB}.Debug|x64.ActiveCfg = Debug|Any CPU
		{D53198F7-0BAC-4F6F-B233-AE8B806F75DB}.Debug|x64.Build.0 = Debug|Any CPU
		{D53198F7-0BAC-4F6F-B233-AE8B806F75DB}.Debug|x86.ActiveCfg = Debug|Any CPU
		{D53198F7-0BAC-4F6F-B233-AE8B806F75DB}.Debug|x86.Build.0 = Debug|Any CPU
		{D53198F7-0BAC-4F6F-B233-AE8B806F75DB}.Release|Any CPU.ActiveCfg = Release|Any CPU
		{D53198F7-0BAC-4F6F-B233-AE8B806F75DB}.Release|Any CPU.Build.0 = Release|Any CPU
		{D53198F7-0BAC-4F6F-B233-AE8B806F75DB}.Release|x64.ActiveCfg = Release|Any CPU
		{D53198F7-0BAC-4F6F-B233-AE8B806F75DB}.Release|x64.Build.0 = Release|Any CPU
		{D53198F7-0BAC-4F6F-B233-AE8B806F75DB}.Release|x86.ActiveCfg = Release|Any CPU
		{D53198F7-0BAC-4F6F-B233-AE8B806F75DB}.Release|x86.Build.0 = Release|Any CPU
		{BAD01FC7-1CF6-47CE-B7F7-6695247C4794}.Debug|Any CPU.ActiveCfg = Debug|Any CPU
		{BAD01FC7-1CF6-47CE-B7F7-6695247C4794}.Debug|Any CPU.Build.0 = Debug|Any CPU
		{BAD01FC7-1CF6-47CE-B7F7-6695247C4794}.Debug|x64.ActiveCfg = Debug|Any CPU
		{BAD01FC7-1CF6-47CE-B7F7-6695247C4794}.Debug|x64.Build.0 = Debug|Any CPU
		{BAD01FC7-1CF6-47CE-B7F7-6695247C4794}.Debug|x86.ActiveCfg = Debug|Any CPU
		{BAD01FC7-1CF6-47CE-B7F7-6695247C4794}.Debug|x86.Build.0 = Debug|Any CPU
		{BAD01FC7-1CF6-47CE-B7F7-6695247C4794}.Release|Any CPU.ActiveCfg = Release|Any CPU
		{BAD01FC7-1CF6-47CE-B7F7-6695247C4794}.Release|Any CPU.Build.0 = Release|Any CPU
		{BAD01FC7-1CF6-47CE-B7F7-6695247C4794}.Release|x64.ActiveCfg = Release|Any CPU
		{BAD01FC7-1CF6-47CE-B7F7-6695247C4794}.Release|x64.Build.0 = Release|Any CPU
		{BAD01FC7-1CF6-47CE-B7F7-6695247C4794}.Release|x86.ActiveCfg = Release|Any CPU
		{BAD01FC7-1CF6-47CE-B7F7-6695247C4794}.Release|x86.Build.0 = Release|Any CPU
		{D60F541E-9A21-489B-B79F-892EED084863}.Debug|Any CPU.ActiveCfg = Debug|Any CPU
		{D60F541E-9A21-489B-B79F-892EED084863}.Debug|Any CPU.Build.0 = Debug|Any CPU
		{D60F541E-9A21-489B-B79F-892EED084863}.Debug|x64.ActiveCfg = Debug|Any CPU
		{D60F541E-9A21-489B-B79F-892EED084863}.Debug|x64.Build.0 = Debug|Any CPU
		{D60F541E-9A21-489B-B79F-892EED084863}.Debug|x86.ActiveCfg = Debug|Any CPU
		{D60F541E-9A21-489B-B79F-892EED084863}.Debug|x86.Build.0 = Debug|Any CPU
		{D60F541E-9A21-489B-B79F-892EED084863}.Release|Any CPU.ActiveCfg = Release|Any CPU
		{D60F541E-9A21-489B-B79F-892EED084863}.Release|Any CPU.Build.0 = Release|Any CPU
		{D60F541E-9A21-489B-B79F-892EED084863}.Release|x64.ActiveCfg = Release|Any CPU
		{D60F541E-9A21-489B-B79F-892EED084863}.Release|x64.Build.0 = Release|Any CPU
		{D60F541E-9A21-489B-B79F-892EED084863}.Release|x86.ActiveCfg = Release|Any CPU
		{D60F541E-9A21-489B-B79F-892EED084863}.Release|x86.Build.0 = Release|Any CPU
		{BE74EC17-1B8C-42FF-AF48-107E3FA62419}.Debug|Any CPU.ActiveCfg = Debug|Any CPU
		{BE74EC17-1B8C-42FF-AF48-107E3FA62419}.Debug|Any CPU.Build.0 = Debug|Any CPU
		{BE74EC17-1B8C-42FF-AF48-107E3FA62419}.Debug|x64.ActiveCfg = Debug|Any CPU
		{BE74EC17-1B8C-42FF-AF48-107E3FA62419}.Debug|x64.Build.0 = Debug|Any CPU
		{BE74EC17-1B8C-42FF-AF48-107E3FA62419}.Debug|x86.ActiveCfg = Debug|Any CPU
		{BE74EC17-1B8C-42FF-AF48-107E3FA62419}.Debug|x86.Build.0 = Debug|Any CPU
		{BE74EC17-1B8C-42FF-AF48-107E3FA62419}.Release|Any CPU.ActiveCfg = Release|Any CPU
		{BE74EC17-1B8C-42FF-AF48-107E3FA62419}.Release|Any CPU.Build.0 = Release|Any CPU
		{BE74EC17-1B8C-42FF-AF48-107E3FA62419}.Release|x64.ActiveCfg = Release|Any CPU
		{BE74EC17-1B8C-42FF-AF48-107E3FA62419}.Release|x64.Build.0 = Release|Any CPU
		{BE74EC17-1B8C-42FF-AF48-107E3FA62419}.Release|x86.ActiveCfg = Release|Any CPU
		{BE74EC17-1B8C-42FF-AF48-107E3FA62419}.Release|x86.Build.0 = Release|Any CPU
	EndGlobalSection
	GlobalSection(SolutionProperties) = preSolution
		HideSolutionNode = FALSE
	EndGlobalSection
	GlobalSection(NestedProjects) = preSolution
		{9F170B3B-5B05-4D86-A934-3C8D549FDFEC} = {7266C4A9-E384-DC00-0EB6-47F6002CFBA7}
		{0CEEB821-BCD2-4824-A70F-2244507C64B5} = {7266C4A9-E384-DC00-0EB6-47F6002CFBA7}
		{54903686-5F84-40F6-A8AA-A08BD12E862E} = {7266C4A9-E384-DC00-0EB6-47F6002CFBA7}
		{83ED14B5-99FE-4F6B-AA5D-BE3C68C8236F} = {7266C4A9-E384-DC00-0EB6-47F6002CFBA7}
		{944ACC7E-4FFC-A2A2-09E1-98A62C66F8DB} = {5854FF58-B8C5-05C6-5BF2-ACE42193F22B}
		{B83F2BB6-1218-441C-A787-6834B5CB3595} = {944ACC7E-4FFC-A2A2-09E1-98A62C66F8DB}
		{B339814C-986E-44EE-9371-FA26DD2D8B78} = {944ACC7E-4FFC-A2A2-09E1-98A62C66F8DB}
		{5991CCA7-7B8E-F5C0-A704-5C636E45E198} = {5854FF58-B8C5-05C6-5BF2-ACE42193F22B}
		{3DF6DBAD-0552-42A1-8BD9-851708414C9B} = {5991CCA7-7B8E-F5C0-A704-5C636E45E198}
		{06CC05BB-ABE0-485F-8BAF-81F505B66310} = {5991CCA7-7B8E-F5C0-A704-5C636E45E198}
		{15532247-9928-1F3B-8159-296EC2E43F05} = {5854FF58-B8C5-05C6-5BF2-ACE42193F22B}
		{BBF15EA6-BEA1-4FD2-BD0B-C8055CFAC700} = {15532247-9928-1F3B-8159-296EC2E43F05}
		{E707C78D-D1AF-4985-8D87-74870BF7F9E6} = {15532247-9928-1F3B-8159-296EC2E43F05}
		{3BAACA43-EC64-C367-9FAA-9C38067293A8} = {5854FF58-B8C5-05C6-5BF2-ACE42193F22B}
		{328CB738-1BE7-4198-B367-A6159C0ABB83} = {3BAACA43-EC64-C367-9FAA-9C38067293A8}
		{12CEEB57-8463-4D68-9808-D27E18057929} = {3BAACA43-EC64-C367-9FAA-9C38067293A8}
		{796F7F31-A54F-4583-8395-DFA864F353E6} = {3BAACA43-EC64-C367-9FAA-9C38067293A8}
		{0DA8AE93-7ED4-4B74-ACB8-8CB57C4C5511} = {3BAACA43-EC64-C367-9FAA-9C38067293A8}
		{1BA65E75-9AF3-43BE-9CAB-2DE7E32398F6} = {3BAACA43-EC64-C367-9FAA-9C38067293A8}
		{E968773F-A3F0-8B5A-CFB8-BE121AA8E63F} = {5854FF58-B8C5-05C6-5BF2-ACE42193F22B}
		{E9BF0E36-6CC2-4824-A4BF-098B93D3CB65} = {E968773F-A3F0-8B5A-CFB8-BE121AA8E63F}
		{E76DC365-E1C1-4014-841B-258750B57262} = {E968773F-A3F0-8B5A-CFB8-BE121AA8E63F}
		{714CC2AF-245C-D6B1-E117-A1157E62AF44} = {5854FF58-B8C5-05C6-5BF2-ACE42193F22B}
		{3459DFF7-5BB5-4BC5-92E1-FBF0EA6A4BE4} = {714CC2AF-245C-D6B1-E117-A1157E62AF44}
		{1AFCEB5E-1BF4-4B36-8197-A8BF39C2E09A} = {714CC2AF-245C-D6B1-E117-A1157E62AF44}
		{F8F0427A-F607-488A-8E79-D3D2AD85C146} = {714CC2AF-245C-D6B1-E117-A1157E62AF44}
		{C6FAAC20-8612-4BDF-B11A-22F85ED73EC3} = {714CC2AF-245C-D6B1-E117-A1157E62AF44}
		{791B2EA5-1560-4E84-93BB-EA275F2E1155} = {714CC2AF-245C-D6B1-E117-A1157E62AF44}
		{269E2EEF-A70D-B8BE-4352-54CF8C86B016} = {5854FF58-B8C5-05C6-5BF2-ACE42193F22B}
		{122CF51B-A513-4E7E-9D30-84E919EE167F} = {269E2EEF-A70D-B8BE-4352-54CF8C86B016}
		{B60F00DA-1677-41A7-8456-FBCDBDEE1817} = {269E2EEF-A70D-B8BE-4352-54CF8C86B016}
		{86DD3DA4-129A-4A5A-8187-34424660E691} = {269E2EEF-A70D-B8BE-4352-54CF8C86B016}
		{3C11F6A1-1528-413A-A0E6-0D7B7351C0CD} = {269E2EEF-A70D-B8BE-4352-54CF8C86B016}
		{A70C460B-6967-477A-9077-A73F2870481F} = {269E2EEF-A70D-B8BE-4352-54CF8C86B016}
		{06470F13-D646-4954-ED4A-FA216054436A} = {5854FF58-B8C5-05C6-5BF2-ACE42193F22B}
		{B98B889B-F3F1-4346-8B1C-78A367C6600D} = {06470F13-D646-4954-ED4A-FA216054436A}
		{7FA3FEE6-3275-465F-8BE8-CDB738878648} = {06470F13-D646-4954-ED4A-FA216054436A}
		{694370DE-EFDF-417D-2C0B-565E7EEF2A7A} = {5854FF58-B8C5-05C6-5BF2-ACE42193F22B}
		{AD869EE0-5C6B-44B5-89D9-B619F87D6AFE} = {694370DE-EFDF-417D-2C0B-565E7EEF2A7A}
		{DEC62FF6-CD18-4C2D-8790-CCE1662D413F} = {694370DE-EFDF-417D-2C0B-565E7EEF2A7A}
		{F2FE4CA5-98BD-4C36-9CD4-A6A813BBB446} = {694370DE-EFDF-417D-2C0B-565E7EEF2A7A}
		{A7A75A88-7D7F-4396-B52A-FEC26838C0A3} = {694370DE-EFDF-417D-2C0B-565E7EEF2A7A}
		{892FB3F6-3F03-40A6-95A7-187B87B7CDD4} = {694370DE-EFDF-417D-2C0B-565E7EEF2A7A}
		{53CF22E1-D634-292D-B865-7697BBD039A5} = {5854FF58-B8C5-05C6-5BF2-ACE42193F22B}
		{57479B43-078E-4597-A11C-96D269CC818C} = {53CF22E1-D634-292D-B865-7697BBD039A5}
		{E9BE660A-AE4A-47F4-8746-DCAEEC477C18} = {53CF22E1-D634-292D-B865-7697BBD039A5}
		{04255FE4-B460-CB70-BCA6-5677D9AC8182} = {5854FF58-B8C5-05C6-5BF2-ACE42193F22B}
		{9C869689-4447-4985-A2C5-DE0B155A8F9C} = {04255FE4-B460-CB70-BCA6-5677D9AC8182}
		{66B9F6CD-C165-451D-B237-A0B2AA0A3350} = {04255FE4-B460-CB70-BCA6-5677D9AC8182}
		{357A7C97-5AE1-023F-1442-0D9F9AF22A31} = {5854FF58-B8C5-05C6-5BF2-ACE42193F22B}
		{C9DA5537-2F3B-4686-8471-9B3FAA566E14} = {357A7C97-5AE1-023F-1442-0D9F9AF22A31}
		{6EFAD445-6E63-4C74-BB2B-4336646AE7D2} = {357A7C97-5AE1-023F-1442-0D9F9AF22A31}
		{4A34C247-A918-4A23-9F8A-9F4EE983EB2D} = {357A7C97-5AE1-023F-1442-0D9F9AF22A31}
		{D0544A97-2C2E-45A5-876F-FBD6242799B2} = {357A7C97-5AE1-023F-1442-0D9F9AF22A31}
		{D53198F7-0BAC-4F6F-B233-AE8B806F75DB} = {357A7C97-5AE1-023F-1442-0D9F9AF22A31}
		{BAD01FC7-1CF6-47CE-B7F7-6695247C4794} = {8450CF56-5DC7-366A-AE0A-4A8614F474CF}
		{D60F541E-9A21-489B-B79F-892EED084863} = {8450CF56-5DC7-366A-AE0A-4A8614F474CF}
		{BE74EC17-1B8C-42FF-AF48-107E3FA62419} = {356E9537-A171-FD24-9C46-11801F93409A}
	EndGlobalSection
EndGlobal
